// !$*UTF8*$!
{
	archiveVersion = 1;
	classes = {
	};
	objectVersion = 46;
	objects = {

/* Begin PBXBuildFile section */
		1F0A493F149FF9E200CDC173 /* InfoPlist.strings in Resources */ = {isa = PBXBuildFile; fileRef = 1F0A493D149FF9E200CDC173 /* InfoPlist.strings */; };
		1F0A494D149FFCB900CDC173 /* Voodoo80211Device.h in Headers */ = {isa = PBXBuildFile; fileRef = 1F0A494C149FFCB900CDC173 /* Voodoo80211Device.h */; };
		1F0A494F149FFD5800CDC173 /* Voodoo80211Device.cpp in Sources */ = {isa = PBXBuildFile; fileRef = 1F0A494E149FFD5800CDC173 /* Voodoo80211Device.cpp */; };
		1F0A495C14A02B4100CDC173 /* ieee80211_priv.h in Headers */ = {isa = PBXBuildFile; fileRef = 1F0A495A14A02B4100CDC173 /* ieee80211_priv.h */; };
		1F0A495D14A02B4100CDC173 /* ieee80211_var.h in Headers */ = {isa = PBXBuildFile; fileRef = 1F0A495B14A02B4100CDC173 /* ieee80211_var.h */; };
		1F0A495F14A0C22D00CDC173 /* ieee80211.h in Headers */ = {isa = PBXBuildFile; fileRef = 1F0A495E14A0C22D00CDC173 /* ieee80211.h */; };
		1FDB50D614C9007F00C16F95 /* ieee80211_crypto.h in Headers */ = {isa = PBXBuildFile; fileRef = 1FDB50D514C9007F00C16F95 /* ieee80211_crypto.h */; };
		1FDB50DC14C9AFBE00C16F95 /* ieee80211_crypto.cpp in Sources */ = {isa = PBXBuildFile; fileRef = 1FDB50DB14C9AFBE00C16F95 /* ieee80211_crypto.cpp */; };
		1FDB510814C9BA6800C16F95 /* ieee80211_crypto_ccmp.cpp in Sources */ = {isa = PBXBuildFile; fileRef = 1FDB510714C9BA6700C16F95 /* ieee80211_crypto_ccmp.cpp */; };
		1FDB510B14C9C97F00C16F95 /* ieee80211_node.h in Headers */ = {isa = PBXBuildFile; fileRef = 1FDB510A14C9C97F00C16F95 /* ieee80211_node.h */; };
		1FDB510D14CA21E300C16F95 /* ieee80211_node.cpp in Sources */ = {isa = PBXBuildFile; fileRef = 1FDB510C14CA21E300C16F95 /* ieee80211_node.cpp */; };
		1FDB510F14CA2DAA00C16F95 /* ieee80211_proto.h in Headers */ = {isa = PBXBuildFile; fileRef = 1FDB510E14CA2DAA00C16F95 /* ieee80211_proto.h */; };
		1FDB512414CA3D0D00C16F95 /* arc4.c in Sources */ = {isa = PBXBuildFile; fileRef = 1FDB511114CA3D0C00C16F95 /* arc4.c */; };
		1FDB512514CA3D0D00C16F95 /* arc4.h in Headers */ = {isa = PBXBuildFile; fileRef = 1FDB511214CA3D0C00C16F95 /* arc4.h */; };
		1FDB512614CA3D0D00C16F95 /* cmac.c in Sources */ = {isa = PBXBuildFile; fileRef = 1FDB511314CA3D0C00C16F95 /* cmac.c */; };
		1FDB512714CA3D0D00C16F95 /* cmac.h in Headers */ = {isa = PBXBuildFile; fileRef = 1FDB511414CA3D0C00C16F95 /* cmac.h */; };
		1FDB512814CA3D0D00C16F95 /* hmac.c in Sources */ = {isa = PBXBuildFile; fileRef = 1FDB511514CA3D0C00C16F95 /* hmac.c */; };
		1FDB512914CA3D0D00C16F95 /* hmac.h in Headers */ = {isa = PBXBuildFile; fileRef = 1FDB511614CA3D0C00C16F95 /* hmac.h */; };
		1FDB512A14CA3D0D00C16F95 /* key_wrap.c in Sources */ = {isa = PBXBuildFile; fileRef = 1FDB511714CA3D0C00C16F95 /* key_wrap.c */; };
		1FDB512B14CA3D0D00C16F95 /* key_wrap.h in Headers */ = {isa = PBXBuildFile; fileRef = 1FDB511814CA3D0C00C16F95 /* key_wrap.h */; };
		1FDB512C14CA3D0D00C16F95 /* md5.h in Headers */ = {isa = PBXBuildFile; fileRef = 1FDB511914CA3D0C00C16F95 /* md5.h */; };
		1FDB512D14CA3D0D00C16F95 /* michael.c in Sources */ = {isa = PBXBuildFile; fileRef = 1FDB511A14CA3D0C00C16F95 /* michael.c */; };
		1FDB512E14CA3D0D00C16F95 /* michael.h in Headers */ = {isa = PBXBuildFile; fileRef = 1FDB511B14CA3D0C00C16F95 /* michael.h */; };
		1FDB512F14CA3D0D00C16F95 /* rijndael.c in Sources */ = {isa = PBXBuildFile; fileRef = 1FDB511C14CA3D0C00C16F95 /* rijndael.c */; };
		1FDB513014CA3D0D00C16F95 /* rijndael.h in Headers */ = {isa = PBXBuildFile; fileRef = 1FDB511D14CA3D0C00C16F95 /* rijndael.h */; };
		1FDB513114CA3D0D00C16F95 /* sha1.h in Headers */ = {isa = PBXBuildFile; fileRef = 1FDB511E14CA3D0C00C16F95 /* sha1.h */; };
		1FDB513214CA3D0D00C16F95 /* sha2.c in Sources */ = {isa = PBXBuildFile; fileRef = 1FDB511F14CA3D0C00C16F95 /* sha2.c */; };
		1FDB513314CA3D0D00C16F95 /* sha2.h in Headers */ = {isa = PBXBuildFile; fileRef = 1FDB512014CA3D0C00C16F95 /* sha2.h */; };
		1FDB513414CA3D0D00C16F95 /* endian.h in Headers */ = {isa = PBXBuildFile; fileRef = 1FDB512214CA3D0D00C16F95 /* endian.h */; };
		1FDB513514CA3D0D00C16F95 /* tree.h in Headers */ = {isa = PBXBuildFile; fileRef = 1FDB512314CA3D0D00C16F95 /* tree.h */; };
		1FDB513714CA3EDF00C16F95 /* ieee80211_ioctl.h in Headers */ = {isa = PBXBuildFile; fileRef = 1FDB513614CA3EDF00C16F95 /* ieee80211_ioctl.h */; };
		1FDB513E14CB81FB00C16F95 /* ieee80211_proto.cpp in Sources */ = {isa = PBXBuildFile; fileRef = 1FDB513D14CB81FB00C16F95 /* ieee80211_proto.cpp */; };
		1FDB514314CB920800C16F95 /* VoodooTimeout.h in Headers */ = {isa = PBXBuildFile; fileRef = 1FDB514214CB920800C16F95 /* VoodooTimeout.h */; };
		1FDB515914CBA53000C16F95 /* apple80211_ioctl.h in Headers */ = {isa = PBXBuildFile; fileRef = 1FDB514C14CBA53000C16F95 /* apple80211_ioctl.h */; };
		1FDB515A14CBA53000C16F95 /* apple80211_var.h in Headers */ = {isa = PBXBuildFile; fileRef = 1FDB514D14CBA53000C16F95 /* apple80211_var.h */; };
		1FDB515B14CBA53000C16F95 /* apple80211_wps.h in Headers */ = {isa = PBXBuildFile; fileRef = 1FDB514E14CBA53000C16F95 /* apple80211_wps.h */; };
		1FDB515C14CBA53000C16F95 /* IO80211Controller.h in Headers */ = {isa = PBXBuildFile; fileRef = 1FDB514F14CBA53000C16F95 /* IO80211Controller.h */; };
		1FDB515D14CBA53000C16F95 /* IO80211Interface.h in Headers */ = {isa = PBXBuildFile; fileRef = 1FDB515014CBA53000C16F95 /* IO80211Interface.h */; };
		1FDB515E14CBA53000C16F95 /* IO80211WorkLoop.h in Headers */ = {isa = PBXBuildFile; fileRef = 1FDB515114CBA53000C16F95 /* IO80211WorkLoop.h */; };
		1FDB515F14CBA53000C16F95 /* apple80211_ioctl.h in Headers */ = {isa = PBXBuildFile; fileRef = 1FDB515314CBA53000C16F95 /* apple80211_ioctl.h */; };
		1FDB516014CBA53000C16F95 /* apple80211_var.h in Headers */ = {isa = PBXBuildFile; fileRef = 1FDB515414CBA53000C16F95 /* apple80211_var.h */; };
		1FDB516114CBA53000C16F95 /* apple80211_wps.h in Headers */ = {isa = PBXBuildFile; fileRef = 1FDB515514CBA53000C16F95 /* apple80211_wps.h */; };
		1FDB516214CBA53000C16F95 /* IO80211Controller.h in Headers */ = {isa = PBXBuildFile; fileRef = 1FDB515614CBA53000C16F95 /* IO80211Controller.h */; };
		1FDB516314CBA53000C16F95 /* IO80211Interface.h in Headers */ = {isa = PBXBuildFile; fileRef = 1FDB515714CBA53000C16F95 /* IO80211Interface.h */; };
		1FDB516414CBA53000C16F95 /* IO80211WorkLoop.h in Headers */ = {isa = PBXBuildFile; fileRef = 1FDB515814CBA53000C16F95 /* IO80211WorkLoop.h */; };
		1FDB516614CBA8A800C16F95 /* ieee80211_input.cpp in Sources */ = {isa = PBXBuildFile; fileRef = 1FDB516514CBA8A800C16F95 /* ieee80211_input.cpp */; };
/* End PBXBuildFile section */

/* Begin PBXFileReference section */
		1F0A4935149FF9E200CDC173 /* net80211.kext */ = {isa = PBXFileReference; explicitFileType = wrapper.cfbundle; includeInIndex = 0; path = net80211.kext; sourceTree = BUILT_PRODUCTS_DIR; };
		1F0A4939149FF9E200CDC173 /* Kernel.framework */ = {isa = PBXFileReference; lastKnownFileType = wrapper.framework; name = Kernel.framework; path = System/Library/Frameworks/Kernel.framework; sourceTree = SDKROOT; };
		1F0A493C149FF9E200CDC173 /* net80211-Info.plist */ = {isa = PBXFileReference; lastKnownFileType = text.plist.xml; path = "net80211-Info.plist"; sourceTree = "<group>"; };
		1F0A493E149FF9E200CDC173 /* en */ = {isa = PBXFileReference; lastKnownFileType = text.plist.strings; name = en; path = en.lproj/InfoPlist.strings; sourceTree = "<group>"; };
		1F0A4943149FF9E200CDC173 /* net80211-Prefix.pch */ = {isa = PBXFileReference; lastKnownFileType = sourcecode.c.h; path = "net80211-Prefix.pch"; sourceTree = "<group>"; };
		1F0A494C149FFCB900CDC173 /* Voodoo80211Device.h */ = {isa = PBXFileReference; fileEncoding = 4; lastKnownFileType = sourcecode.c.h; path = Voodoo80211Device.h; sourceTree = "<group>"; };
		1F0A494E149FFD5800CDC173 /* Voodoo80211Device.cpp */ = {isa = PBXFileReference; fileEncoding = 4; lastKnownFileType = sourcecode.cpp.cpp; path = Voodoo80211Device.cpp; sourceTree = "<group>"; };
		1F0A495A14A02B4100CDC173 /* ieee80211_priv.h */ = {isa = PBXFileReference; fileEncoding = 4; lastKnownFileType = sourcecode.c.h; path = ieee80211_priv.h; sourceTree = "<group>"; };
		1F0A495B14A02B4100CDC173 /* ieee80211_var.h */ = {isa = PBXFileReference; fileEncoding = 4; lastKnownFileType = sourcecode.c.h; path = ieee80211_var.h; sourceTree = "<group>"; };
		1F0A495E14A0C22D00CDC173 /* ieee80211.h */ = {isa = PBXFileReference; fileEncoding = 4; lastKnownFileType = sourcecode.c.h; path = ieee80211.h; sourceTree = "<group>"; };
		1FDB50D514C9007F00C16F95 /* ieee80211_crypto.h */ = {isa = PBXFileReference; fileEncoding = 4; lastKnownFileType = sourcecode.c.h; path = ieee80211_crypto.h; sourceTree = "<group>"; };
		1FDB50DB14C9AFBE00C16F95 /* ieee80211_crypto.cpp */ = {isa = PBXFileReference; fileEncoding = 4; lastKnownFileType = sourcecode.cpp.cpp; path = ieee80211_crypto.cpp; sourceTree = "<group>"; };
		1FDB510714C9BA6700C16F95 /* ieee80211_crypto_ccmp.cpp */ = {isa = PBXFileReference; fileEncoding = 4; lastKnownFileType = sourcecode.cpp.cpp; path = ieee80211_crypto_ccmp.cpp; sourceTree = "<group>"; };
		1FDB510A14C9C97F00C16F95 /* ieee80211_node.h */ = {isa = PBXFileReference; fileEncoding = 4; lastKnownFileType = sourcecode.c.h; path = ieee80211_node.h; sourceTree = "<group>"; };
		1FDB510C14CA21E300C16F95 /* ieee80211_node.cpp */ = {isa = PBXFileReference; fileEncoding = 4; lastKnownFileType = sourcecode.cpp.cpp; path = ieee80211_node.cpp; sourceTree = "<group>"; };
		1FDB510E14CA2DAA00C16F95 /* ieee80211_proto.h */ = {isa = PBXFileReference; fileEncoding = 4; lastKnownFileType = sourcecode.c.h; path = ieee80211_proto.h; sourceTree = "<group>"; };
		1FDB511114CA3D0C00C16F95 /* arc4.c */ = {isa = PBXFileReference; fileEncoding = 4; lastKnownFileType = sourcecode.c.c; path = arc4.c; sourceTree = "<group>"; };
		1FDB511214CA3D0C00C16F95 /* arc4.h */ = {isa = PBXFileReference; fileEncoding = 4; lastKnownFileType = sourcecode.c.h; path = arc4.h; sourceTree = "<group>"; };
		1FDB511314CA3D0C00C16F95 /* cmac.c */ = {isa = PBXFileReference; fileEncoding = 4; lastKnownFileType = sourcecode.c.c; path = cmac.c; sourceTree = "<group>"; };
		1FDB511414CA3D0C00C16F95 /* cmac.h */ = {isa = PBXFileReference; fileEncoding = 4; lastKnownFileType = sourcecode.c.h; path = cmac.h; sourceTree = "<group>"; };
		1FDB511514CA3D0C00C16F95 /* hmac.c */ = {isa = PBXFileReference; fileEncoding = 4; lastKnownFileType = sourcecode.c.c; path = hmac.c; sourceTree = "<group>"; };
		1FDB511614CA3D0C00C16F95 /* hmac.h */ = {isa = PBXFileReference; fileEncoding = 4; lastKnownFileType = sourcecode.c.h; path = hmac.h; sourceTree = "<group>"; };
		1FDB511714CA3D0C00C16F95 /* key_wrap.c */ = {isa = PBXFileReference; fileEncoding = 4; lastKnownFileType = sourcecode.c.c; path = key_wrap.c; sourceTree = "<group>"; };
		1FDB511814CA3D0C00C16F95 /* key_wrap.h */ = {isa = PBXFileReference; fileEncoding = 4; lastKnownFileType = sourcecode.c.h; path = key_wrap.h; sourceTree = "<group>"; };
		1FDB511914CA3D0C00C16F95 /* md5.h */ = {isa = PBXFileReference; fileEncoding = 4; lastKnownFileType = sourcecode.c.h; path = md5.h; sourceTree = "<group>"; };
		1FDB511A14CA3D0C00C16F95 /* michael.c */ = {isa = PBXFileReference; fileEncoding = 4; lastKnownFileType = sourcecode.c.c; path = michael.c; sourceTree = "<group>"; };
		1FDB511B14CA3D0C00C16F95 /* michael.h */ = {isa = PBXFileReference; fileEncoding = 4; lastKnownFileType = sourcecode.c.h; path = michael.h; sourceTree = "<group>"; };
		1FDB511C14CA3D0C00C16F95 /* rijndael.c */ = {isa = PBXFileReference; fileEncoding = 4; lastKnownFileType = sourcecode.c.c; path = rijndael.c; sourceTree = "<group>"; };
		1FDB511D14CA3D0C00C16F95 /* rijndael.h */ = {isa = PBXFileReference; fileEncoding = 4; lastKnownFileType = sourcecode.c.h; path = rijndael.h; sourceTree = "<group>"; };
		1FDB511E14CA3D0C00C16F95 /* sha1.h */ = {isa = PBXFileReference; fileEncoding = 4; lastKnownFileType = sourcecode.c.h; path = sha1.h; sourceTree = "<group>"; };
		1FDB511F14CA3D0C00C16F95 /* sha2.c */ = {isa = PBXFileReference; fileEncoding = 4; lastKnownFileType = sourcecode.c.c; path = sha2.c; sourceTree = "<group>"; };
		1FDB512014CA3D0C00C16F95 /* sha2.h */ = {isa = PBXFileReference; fileEncoding = 4; lastKnownFileType = sourcecode.c.h; path = sha2.h; sourceTree = "<group>"; };
		1FDB512214CA3D0D00C16F95 /* endian.h */ = {isa = PBXFileReference; fileEncoding = 4; lastKnownFileType = sourcecode.c.h; path = endian.h; sourceTree = "<group>"; };
		1FDB512314CA3D0D00C16F95 /* tree.h */ = {isa = PBXFileReference; fileEncoding = 4; lastKnownFileType = sourcecode.c.h; path = tree.h; sourceTree = "<group>"; };
		1FDB513614CA3EDF00C16F95 /* ieee80211_ioctl.h */ = {isa = PBXFileReference; fileEncoding = 4; lastKnownFileType = sourcecode.c.h; path = ieee80211_ioctl.h; sourceTree = "<group>"; };
		1FDB513D14CB81FB00C16F95 /* ieee80211_proto.cpp */ = {isa = PBXFileReference; fileEncoding = 4; lastKnownFileType = sourcecode.cpp.cpp; path = ieee80211_proto.cpp; sourceTree = "<group>"; };
		1FDB514214CB920800C16F95 /* VoodooTimeout.h */ = {isa = PBXFileReference; fileEncoding = 4; lastKnownFileType = sourcecode.c.h; path = VoodooTimeout.h; sourceTree = "<group>"; };
		1FDB514C14CBA53000C16F95 /* apple80211_ioctl.h */ = {isa = PBXFileReference; fileEncoding = 4; lastKnownFileType = sourcecode.c.h; path = apple80211_ioctl.h; sourceTree = "<group>"; };
		1FDB514D14CBA53000C16F95 /* apple80211_var.h */ = {isa = PBXFileReference; fileEncoding = 4; lastKnownFileType = sourcecode.c.h; path = apple80211_var.h; sourceTree = "<group>"; };
		1FDB514E14CBA53000C16F95 /* apple80211_wps.h */ = {isa = PBXFileReference; fileEncoding = 4; lastKnownFileType = sourcecode.c.h; path = apple80211_wps.h; sourceTree = "<group>"; };
		1FDB514F14CBA53000C16F95 /* IO80211Controller.h */ = {isa = PBXFileReference; fileEncoding = 4; lastKnownFileType = sourcecode.c.h; path = IO80211Controller.h; sourceTree = "<group>"; };
		1FDB515014CBA53000C16F95 /* IO80211Interface.h */ = {isa = PBXFileReference; fileEncoding = 4; lastKnownFileType = sourcecode.c.h; path = IO80211Interface.h; sourceTree = "<group>"; };
		1FDB515114CBA53000C16F95 /* IO80211WorkLoop.h */ = {isa = PBXFileReference; fileEncoding = 4; lastKnownFileType = sourcecode.c.h; path = IO80211WorkLoop.h; sourceTree = "<group>"; };
		1FDB515314CBA53000C16F95 /* apple80211_ioctl.h */ = {isa = PBXFileReference; fileEncoding = 4; lastKnownFileType = sourcecode.c.h; path = apple80211_ioctl.h; sourceTree = "<group>"; };
		1FDB515414CBA53000C16F95 /* apple80211_var.h */ = {isa = PBXFileReference; fileEncoding = 4; lastKnownFileType = sourcecode.c.h; path = apple80211_var.h; sourceTree = "<group>"; };
		1FDB515514CBA53000C16F95 /* apple80211_wps.h */ = {isa = PBXFileReference; fileEncoding = 4; lastKnownFileType = sourcecode.c.h; path = apple80211_wps.h; sourceTree = "<group>"; };
		1FDB515614CBA53000C16F95 /* IO80211Controller.h */ = {isa = PBXFileReference; fileEncoding = 4; lastKnownFileType = sourcecode.c.h; path = IO80211Controller.h; sourceTree = "<group>"; };
		1FDB515714CBA53000C16F95 /* IO80211Interface.h */ = {isa = PBXFileReference; fileEncoding = 4; lastKnownFileType = sourcecode.c.h; path = IO80211Interface.h; sourceTree = "<group>"; };
		1FDB515814CBA53000C16F95 /* IO80211WorkLoop.h */ = {isa = PBXFileReference; fileEncoding = 4; lastKnownFileType = sourcecode.c.h; path = IO80211WorkLoop.h; sourceTree = "<group>"; };
		1FDB516514CBA8A800C16F95 /* ieee80211_input.cpp */ = {isa = PBXFileReference; fileEncoding = 4; lastKnownFileType = sourcecode.cpp.cpp; path = ieee80211_input.cpp; sourceTree = "<group>"; };
/* End PBXFileReference section */

/* Begin PBXFrameworksBuildPhase section */
		1F0A4930149FF9E200CDC173 /* Frameworks */ = {
			isa = PBXFrameworksBuildPhase;
			buildActionMask = 2147483647;
			files = (
			);
			runOnlyForDeploymentPostprocessing = 0;
		};
/* End PBXFrameworksBuildPhase section */

/* Begin PBXGroup section */
		1F0A4928149FF9E200CDC173 = {
			isa = PBXGroup;
			children = (
				1F0A493A149FF9E200CDC173 /* net80211 */,
				1F0A4937149FF9E200CDC173 /* Frameworks */,
				1F0A4936149FF9E200CDC173 /* Products */,
			);
			sourceTree = "<group>";
		};
		1F0A4936149FF9E200CDC173 /* Products */ = {
			isa = PBXGroup;
			children = (
				1F0A4935149FF9E200CDC173 /* net80211.kext */,
			);
			name = Products;
			sourceTree = "<group>";
		};
		1F0A4937149FF9E200CDC173 /* Frameworks */ = {
			isa = PBXGroup;
			children = (
				1F0A4938149FF9E200CDC173 /* Other Frameworks */,
			);
			name = Frameworks;
			sourceTree = "<group>";
		};
		1F0A4938149FF9E200CDC173 /* Other Frameworks */ = {
			isa = PBXGroup;
			children = (
				1F0A4939149FF9E200CDC173 /* Kernel.framework */,
			);
			name = "Other Frameworks";
			sourceTree = "<group>";
		};
		1F0A493A149FF9E200CDC173 /* net80211 */ = {
			isa = PBXGroup;
			children = (
				1FDB514A14CBA53000C16F95 /* apple80211 */,
				1FDB511014CA3D0C00C16F95 /* crypto */,
				1FDB512114CA3D0C00C16F95 /* sys */,
				1F0A493B149FF9E200CDC173 /* Supporting Files */,
				1F0A494C149FFCB900CDC173 /* Voodoo80211Device.h */,
				1F0A494E149FFD5800CDC173 /* Voodoo80211Device.cpp */,
				1FDB514214CB920800C16F95 /* VoodooTimeout.h */,
				1F0A495E14A0C22D00CDC173 /* ieee80211.h */,
				1FDB510A14C9C97F00C16F95 /* ieee80211_node.h */,
				1FDB510C14CA21E300C16F95 /* ieee80211_node.cpp */,
				1F0A495A14A02B4100CDC173 /* ieee80211_priv.h */,
				1F0A495B14A02B4100CDC173 /* ieee80211_var.h */,
				1FDB510E14CA2DAA00C16F95 /* ieee80211_proto.h */,
				1FDB513D14CB81FB00C16F95 /* ieee80211_proto.cpp */,
				1FDB50D514C9007F00C16F95 /* ieee80211_crypto.h */,
				1FDB50DB14C9AFBE00C16F95 /* ieee80211_crypto.cpp */,
				1FDB510714C9BA6700C16F95 /* ieee80211_crypto_ccmp.cpp */,
				1FDB513614CA3EDF00C16F95 /* ieee80211_ioctl.h */,
				1FDB516514CBA8A800C16F95 /* ieee80211_input.cpp */,
			);
			path = net80211;
			sourceTree = "<group>";
		};
		1F0A493B149FF9E200CDC173 /* Supporting Files */ = {
			isa = PBXGroup;
			children = (
				1F0A493C149FF9E200CDC173 /* net80211-Info.plist */,
				1F0A493D149FF9E200CDC173 /* InfoPlist.strings */,
				1F0A4943149FF9E200CDC173 /* net80211-Prefix.pch */,
			);
			name = "Supporting Files";
			sourceTree = "<group>";
		};
		1FDB511014CA3D0C00C16F95 /* crypto */ = {
			isa = PBXGroup;
			children = (
				1FDB511114CA3D0C00C16F95 /* arc4.c */,
				1FDB511214CA3D0C00C16F95 /* arc4.h */,
				1FDB511314CA3D0C00C16F95 /* cmac.c */,
				1FDB511414CA3D0C00C16F95 /* cmac.h */,
				1FDB511514CA3D0C00C16F95 /* hmac.c */,
				1FDB511614CA3D0C00C16F95 /* hmac.h */,
				1FDB511714CA3D0C00C16F95 /* key_wrap.c */,
				1FDB511814CA3D0C00C16F95 /* key_wrap.h */,
				1FDB511914CA3D0C00C16F95 /* md5.h */,
				1FDB511A14CA3D0C00C16F95 /* michael.c */,
				1FDB511B14CA3D0C00C16F95 /* michael.h */,
				1FDB511C14CA3D0C00C16F95 /* rijndael.c */,
				1FDB511D14CA3D0C00C16F95 /* rijndael.h */,
				1FDB511E14CA3D0C00C16F95 /* sha1.h */,
				1FDB511F14CA3D0C00C16F95 /* sha2.c */,
				1FDB512014CA3D0C00C16F95 /* sha2.h */,
			);
			path = crypto;
			sourceTree = "<group>";
		};
		1FDB512114CA3D0C00C16F95 /* sys */ = {
			isa = PBXGroup;
			children = (
				1FDB512214CA3D0D00C16F95 /* endian.h */,
				1FDB512314CA3D0D00C16F95 /* tree.h */,
			);
			path = sys;
			sourceTree = "<group>";
		};
		1FDB514A14CBA53000C16F95 /* apple80211 */ = {
			isa = PBXGroup;
			children = (
				1FDB514B14CBA53000C16F95 /* Leopard */,
				1FDB515214CBA53000C16F95 /* SL */,
			);
			path = apple80211;
			sourceTree = "<group>";
		};
		1FDB514B14CBA53000C16F95 /* Leopard */ = {
			isa = PBXGroup;
			children = (
				1FDB514C14CBA53000C16F95 /* apple80211_ioctl.h */,
				1FDB514D14CBA53000C16F95 /* apple80211_var.h */,
				1FDB514E14CBA53000C16F95 /* apple80211_wps.h */,
				1FDB514F14CBA53000C16F95 /* IO80211Controller.h */,
				1FDB515014CBA53000C16F95 /* IO80211Interface.h */,
				1FDB515114CBA53000C16F95 /* IO80211WorkLoop.h */,
			);
			path = Leopard;
			sourceTree = "<group>";
		};
		1FDB515214CBA53000C16F95 /* SL */ = {
			isa = PBXGroup;
			children = (
				1FDB515314CBA53000C16F95 /* apple80211_ioctl.h */,
				1FDB515414CBA53000C16F95 /* apple80211_var.h */,
				1FDB515514CBA53000C16F95 /* apple80211_wps.h */,
				1FDB515614CBA53000C16F95 /* IO80211Controller.h */,
				1FDB515714CBA53000C16F95 /* IO80211Interface.h */,
				1FDB515814CBA53000C16F95 /* IO80211WorkLoop.h */,
			);
			path = SL;
			sourceTree = "<group>";
		};
/* End PBXGroup section */

/* Begin PBXHeadersBuildPhase section */
		1F0A4931149FF9E200CDC173 /* Headers */ = {
			isa = PBXHeadersBuildPhase;
			buildActionMask = 2147483647;
			files = (
				1F0A494D149FFCB900CDC173 /* Voodoo80211Device.h in Headers */,
				1F0A495C14A02B4100CDC173 /* ieee80211_priv.h in Headers */,
				1F0A495D14A02B4100CDC173 /* ieee80211_var.h in Headers */,
				1F0A495F14A0C22D00CDC173 /* ieee80211.h in Headers */,
				1FDB50D614C9007F00C16F95 /* ieee80211_crypto.h in Headers */,
				1FDB510B14C9C97F00C16F95 /* ieee80211_node.h in Headers */,
				1FDB510F14CA2DAA00C16F95 /* ieee80211_proto.h in Headers */,
				1FDB512514CA3D0D00C16F95 /* arc4.h in Headers */,
				1FDB512714CA3D0D00C16F95 /* cmac.h in Headers */,
				1FDB512914CA3D0D00C16F95 /* hmac.h in Headers */,
				1FDB512B14CA3D0D00C16F95 /* key_wrap.h in Headers */,
				1FDB512C14CA3D0D00C16F95 /* md5.h in Headers */,
				1FDB512E14CA3D0D00C16F95 /* michael.h in Headers */,
				1FDB513014CA3D0D00C16F95 /* rijndael.h in Headers */,
				1FDB513114CA3D0D00C16F95 /* sha1.h in Headers */,
				1FDB513314CA3D0D00C16F95 /* sha2.h in Headers */,
				1FDB513414CA3D0D00C16F95 /* endian.h in Headers */,
				1FDB513514CA3D0D00C16F95 /* tree.h in Headers */,
				1FDB513714CA3EDF00C16F95 /* ieee80211_ioctl.h in Headers */,
				1FDB514314CB920800C16F95 /* VoodooTimeout.h in Headers */,
				1FDB515914CBA53000C16F95 /* apple80211_ioctl.h in Headers */,
				1FDB515A14CBA53000C16F95 /* apple80211_var.h in Headers */,
				1FDB515B14CBA53000C16F95 /* apple80211_wps.h in Headers */,
				1FDB515C14CBA53000C16F95 /* IO80211Controller.h in Headers */,
				1FDB515D14CBA53000C16F95 /* IO80211Interface.h in Headers */,
				1FDB515E14CBA53000C16F95 /* IO80211WorkLoop.h in Headers */,
				1FDB515F14CBA53000C16F95 /* apple80211_ioctl.h in Headers */,
				1FDB516014CBA53000C16F95 /* apple80211_var.h in Headers */,
				1FDB516114CBA53000C16F95 /* apple80211_wps.h in Headers */,
				1FDB516214CBA53000C16F95 /* IO80211Controller.h in Headers */,
				1FDB516314CBA53000C16F95 /* IO80211Interface.h in Headers */,
				1FDB516414CBA53000C16F95 /* IO80211WorkLoop.h in Headers */,
			);
			runOnlyForDeploymentPostprocessing = 0;
		};
/* End PBXHeadersBuildPhase section */

/* Begin PBXNativeTarget section */
		1F0A4934149FF9E200CDC173 /* net80211 */ = {
			isa = PBXNativeTarget;
			buildConfigurationList = 1F0A4946149FF9E200CDC173 /* Build configuration list for PBXNativeTarget "net80211" */;
			buildPhases = (
				1F0A492F149FF9E200CDC173 /* Sources */,
				1F0A4930149FF9E200CDC173 /* Frameworks */,
				1F0A4931149FF9E200CDC173 /* Headers */,
				1F0A4932149FF9E200CDC173 /* Resources */,
				1F0A4933149FF9E200CDC173 /* Rez */,
			);
			buildRules = (
			);
			dependencies = (
			);
			name = net80211;
			productName = net80211;
			productReference = 1F0A4935149FF9E200CDC173 /* net80211.kext */;
			productType = "com.apple.product-type.kernel-extension";
		};
/* End PBXNativeTarget section */

/* Begin PBXProject section */
		1F0A492A149FF9E200CDC173 /* Project object */ = {
			isa = PBXProject;
			attributes = {
				LastUpgradeCheck = 0420;
			};
			buildConfigurationList = 1F0A492D149FF9E200CDC173 /* Build configuration list for PBXProject "net80211" */;
			compatibilityVersion = "Xcode 3.2";
			developmentRegion = English;
			hasScannedForEncodings = 0;
			knownRegions = (
				en,
			);
			mainGroup = 1F0A4928149FF9E200CDC173;
			productRefGroup = 1F0A4936149FF9E200CDC173 /* Products */;
			projectDirPath = "";
			projectRoot = "";
			targets = (
				1F0A4934149FF9E200CDC173 /* net80211 */,
			);
		};
/* End PBXProject section */

/* Begin PBXResourcesBuildPhase section */
		1F0A4932149FF9E200CDC173 /* Resources */ = {
			isa = PBXResourcesBuildPhase;
			buildActionMask = 2147483647;
			files = (
				1F0A493F149FF9E200CDC173 /* InfoPlist.strings in Resources */,
			);
			runOnlyForDeploymentPostprocessing = 0;
		};
/* End PBXResourcesBuildPhase section */

/* Begin PBXRezBuildPhase section */
		1F0A4933149FF9E200CDC173 /* Rez */ = {
			isa = PBXRezBuildPhase;
			buildActionMask = 2147483647;
			files = (
			);
			runOnlyForDeploymentPostprocessing = 0;
		};
/* End PBXRezBuildPhase section */

/* Begin PBXSourcesBuildPhase section */
		1F0A492F149FF9E200CDC173 /* Sources */ = {
			isa = PBXSourcesBuildPhase;
			buildActionMask = 2147483647;
			files = (
				1F0A494F149FFD5800CDC173 /* Voodoo80211Device.cpp in Sources */,
				1FDB50DC14C9AFBE00C16F95 /* ieee80211_crypto.cpp in Sources */,
				1FDB510814C9BA6800C16F95 /* ieee80211_crypto_ccmp.cpp in Sources */,
				1FDB510D14CA21E300C16F95 /* ieee80211_node.cpp in Sources */,
				1FDB512414CA3D0D00C16F95 /* arc4.c in Sources */,
				1FDB512614CA3D0D00C16F95 /* cmac.c in Sources */,
				1FDB512814CA3D0D00C16F95 /* hmac.c in Sources */,
				1FDB512A14CA3D0D00C16F95 /* key_wrap.c in Sources */,
				1FDB512D14CA3D0D00C16F95 /* michael.c in Sources */,
				1FDB512F14CA3D0D00C16F95 /* rijndael.c in Sources */,
				1FDB513214CA3D0D00C16F95 /* sha2.c in Sources */,
				1FDB513E14CB81FB00C16F95 /* ieee80211_proto.cpp in Sources */,
				1FDB516614CBA8A800C16F95 /* ieee80211_input.cpp in Sources */,
			);
			runOnlyForDeploymentPostprocessing = 0;
		};
/* End PBXSourcesBuildPhase section */

/* Begin PBXVariantGroup section */
		1F0A493D149FF9E200CDC173 /* InfoPlist.strings */ = {
			isa = PBXVariantGroup;
			children = (
				1F0A493E149FF9E200CDC173 /* en */,
			);
			name = InfoPlist.strings;
			sourceTree = "<group>";
		};
/* End PBXVariantGroup section */

/* Begin XCBuildConfiguration section */
		1F0A4944149FF9E200CDC173 /* Debug */ = {
			isa = XCBuildConfiguration;
			buildSettings = {
				ALWAYS_SEARCH_USER_PATHS = YES;
				ARCHS = "$(ARCHS_STANDARD_32_64_BIT)";
				COPY_PHASE_STRIP = NO;
				GCC_C_LANGUAGE_STANDARD = gnu99;
				GCC_DYNAMIC_NO_PIC = NO;
				GCC_ENABLE_OBJC_EXCEPTIONS = YES;
				GCC_OPTIMIZATION_LEVEL = 0;
				GCC_PREPROCESSOR_DEFINITIONS = (
					"DEBUG=1",
					"$(inherited)",
				);
				GCC_SYMBOLS_PRIVATE_EXTERN = NO;
				GCC_VERSION = com.apple.compilers.llvm.clang.1_0;
				GCC_WARN_64_TO_32_BIT_CONVERSION = YES;
				GCC_WARN_ABOUT_MISSING_PROTOTYPES = YES;
				GCC_WARN_ABOUT_RETURN_TYPE = YES;
				GCC_WARN_UNUSED_VARIABLE = YES;
				MACOSX_DEPLOYMENT_TARGET = 10.7;
				ONLY_ACTIVE_ARCH = YES;
				SDKROOT = macosx;
			};
			name = Debug;
		};
		1F0A4945149FF9E200CDC173 /* Release */ = {
			isa = XCBuildConfiguration;
			buildSettings = {
				ALWAYS_SEARCH_USER_PATHS = YES;
				ARCHS = "$(ARCHS_STANDARD_32_64_BIT)";
				COPY_PHASE_STRIP = YES;
				DEBUG_INFORMATION_FORMAT = "dwarf-with-dsym";
				GCC_C_LANGUAGE_STANDARD = gnu99;
				GCC_ENABLE_OBJC_EXCEPTIONS = YES;
				GCC_VERSION = com.apple.compilers.llvm.clang.1_0;
				GCC_WARN_64_TO_32_BIT_CONVERSION = YES;
				GCC_WARN_ABOUT_MISSING_PROTOTYPES = YES;
				GCC_WARN_ABOUT_RETURN_TYPE = YES;
				GCC_WARN_UNUSED_VARIABLE = YES;
				MACOSX_DEPLOYMENT_TARGET = 10.7;
				SDKROOT = macosx;
			};
			name = Release;
		};
		1F0A4947149FF9E200CDC173 /* Debug */ = {
			isa = XCBuildConfiguration;
			buildSettings = {
				CURRENT_PROJECT_VERSION = 1.0.0d1;
				GCC_PRECOMPILE_PREFIX_HEADER = YES;
				GCC_PREFIX_HEADER = "net80211/net80211-Prefix.pch";
				GCC_VERSION = com.apple.compilers.llvmgcc42;
				INFOPLIST_FILE = "net80211/net80211-Info.plist";
				MODULE_NAME = org.projectcamphor.net80211;
				MODULE_VERSION = 1.0.0d1;
				PRODUCT_NAME = "$(TARGET_NAME)";
				WRAPPER_EXTENSION = kext;
			};
			name = Debug;
		};
		1F0A4948149FF9E200CDC173 /* Release */ = {
			isa = XCBuildConfiguration;
			buildSettings = {
				CURRENT_PROJECT_VERSION = 1.0.0d1;
				GCC_PRECOMPILE_PREFIX_HEADER = YES;
				GCC_PREFIX_HEADER = "net80211/net80211-Prefix.pch";
				GCC_VERSION = com.apple.compilers.llvmgcc42;
				INFOPLIST_FILE = "net80211/net80211-Info.plist";
				MODULE_NAME = org.projectcamphor.net80211;
				MODULE_VERSION = 1.0.0d1;
				PRODUCT_NAME = "$(TARGET_NAME)";
				WRAPPER_EXTENSION = kext;
			};
			name = Release;
		};
/* End XCBuildConfiguration section */

/* Begin XCConfigurationList section */
		1F0A492D149FF9E200CDC173 /* Build configuration list for PBXProject "net80211" */ = {
			isa = XCConfigurationList;
			buildConfigurations = (
				1F0A4944149FF9E200CDC173 /* Debug */,
				1F0A4945149FF9E200CDC173 /* Release */,
			);
			defaultConfigurationIsVisible = 0;
			defaultConfigurationName = Release;
		};
		1F0A4946149FF9E200CDC173 /* Build configuration list for PBXNativeTarget "net80211" */ = {
			isa = XCConfigurationList;
			buildConfigurations = (
				1F0A4947149FF9E200CDC173 /* Debug */,
				1F0A4948149FF9E200CDC173 /* Release */,
			);
			defaultConfigurationIsVisible = 0;
			defaultConfigurationName = Release;
		};
/* End XCConfigurationList section */
	};
	rootObject = 1F0A492A149FF9E200CDC173 /* Project object */;
}
